
Microsoft Visual Studio Solution File, Format Version 12.00
# Visual Studio Version 17
VisualStudioVersion = 17.5.33209.295
MinimumVisualStudioVersion = 10.0.40219.1
Project("{FAE04EC0-301F-11D3-BF4B-00C04F79EFBC}") = "Server", "Server\Server.csproj", "{B6177CCC-6789-4395-87E3-3657F449A83D}"
EndProject
Project("{FAE04EC0-301F-11D3-BF4B-00C04F79EFBC}") = "Client", "Client\Client.csproj", "{6777FFD7-84BE-4CD4-9E82-6B55A0CCB2C3}"
EndProject
Global
	GlobalSection(SolutionConfigurationPlatforms) = preSolution
		Debug|Any CPU = Debug|Any CPU
		Release|Any CPU = Release|Any CPU
	EndGlobalSection
	GlobalSection(ProjectConfigurationPlatforms) = postSolution
		{B6177CCC-6789-4395-87E3-3657F449A83D}.Debug|Any CPU.ActiveCfg = Debug|Any CPU
		{B6177CCC-6789-4395-87E3-3657F449A83D}.Debug|Any CPU.Build.0 = Debug|Any CPU
		{B6177CCC-6789-4395-87E3-3657F449A83D}.Release|Any CPU.ActiveCfg = Release|Any CPU
		{B6177CCC-6789-4395-87E3-3657F449A83D}.Release|Any CPU.Build.0 = Release|Any CPU
		{6777FFD7-84BE-4CD4-9E82-6B55A0CCB2C3}.Debug|Any CPU.ActiveCfg = Debug|Any CPU
		{6777FFD7-84BE-4CD4-9E82-6B55A0CCB2C3}.Debug|Any CPU.Build.0 = Debug|Any CPU
		{6777FFD7-84BE-4CD4-9E82-6B55A0CCB2C3}.Release|Any CPU.ActiveCfg = Release|Any CPU
		{6777FFD7-84BE-4CD4-9E82-6B55A0CCB2C3}.Release|Any CPU.Build.0 = Release|Any CPU
	EndGlobalSection
	GlobalSection(SolutionProperties) = preSolution
		HideSolutionNode = FALSE
	EndGlobalSection
	GlobalSection(ExtensibilityGlobals) = postSolution
		SolutionGuid = {16F5B374-932D-43E1-8964-131A4FCE95CD}
	EndGlobalSection
EndGlobal
